
Microsoft Visual Studio Solution File, Format Version 12.00
# Visual Studio 15
VisualStudioVersion = 15.0.28010.2036
MinimumVisualStudioVersion = 10.0.40219.1
Project("{FAE04EC0-301F-11D3-BF4B-00C04F79EFBC}") = "CPSC1012_CorePortfolio2_RendoRuiz", "CPSC1012_CorePortfolio2_RendoRuiz\CPSC1012_CorePortfolio2_RendoRuiz.csproj", "{65F8B70A-1273-41FE-A33A-7BB25D10C346}"
EndProject
Global
	GlobalSection(SolutionConfigurationPlatforms) = preSolution
		Debug|Any CPU = Debug|Any CPU
		Release|Any CPU = Release|Any CPU
	EndGlobalSection
	GlobalSection(ProjectConfigurationPlatforms) = postSolution
		{65F8B70A-1273-41FE-A33A-7BB25D10C346}.Debug|Any CPU.ActiveCfg = Debug|Any CPU
		{65F8B70A-1273-41FE-A33A-7BB25D10C346}.Debug|Any CPU.Build.0 = Debug|Any CPU
		{65F8B70A-1273-41FE-A33A-7BB25D10C346}.Release|Any CPU.ActiveCfg = Release|Any CPU
		{65F8B70A-1273-41FE-A33A-7BB25D10C346}.Release|Any CPU.Build.0 = Release|Any CPU
	EndGlobalSection
	GlobalSection(SolutionProperties) = preSolution
		HideSolutionNode = FALSE
	EndGlobalSection
	GlobalSection(ExtensibilityGlobals) = postSolution
		SolutionGuid = {D6F86AA2-C180-4C6B-AEBE-C8301237B46F}
	EndGlobalSection
EndGlobal
