
Microsoft Visual Studio Solution File, Format Version 12.00
# Visual Studio 15
VisualStudioVersion = 15.0.28010.2036
MinimumVisualStudioVersion = 10.0.40219.1
Project("{FAE04EC0-301F-11D3-BF4B-00C04F79EFBC}") = "CPSC1012_CorePortfolio3_RendoRuiz", "CPSC1012_CorePortfolio3_RendoRuiz\CPSC1012_CorePortfolio3_RendoRuiz.csproj", "{108D6554-0D61-46DB-BA3D-028811DFA2F9}"
EndProject
Global
	GlobalSection(SolutionConfigurationPlatforms) = preSolution
		Debug|Any CPU = Debug|Any CPU
		Release|Any CPU = Release|Any CPU
	EndGlobalSection
	GlobalSection(ProjectConfigurationPlatforms) = postSolution
		{108D6554-0D61-46DB-BA3D-028811DFA2F9}.Debug|Any CPU.ActiveCfg = Debug|Any CPU
		{108D6554-0D61-46DB-BA3D-028811DFA2F9}.Debug|Any CPU.Build.0 = Debug|Any CPU
		{108D6554-0D61-46DB-BA3D-028811DFA2F9}.Release|Any CPU.ActiveCfg = Release|Any CPU
		{108D6554-0D61-46DB-BA3D-028811DFA2F9}.Release|Any CPU.Build.0 = Release|Any CPU
	EndGlobalSection
	GlobalSection(SolutionProperties) = preSolution
		HideSolutionNode = FALSE
	EndGlobalSection
	GlobalSection(ExtensibilityGlobals) = postSolution
		SolutionGuid = {D4E54A5A-F169-4154-B513-FC130133B7C9}
	EndGlobalSection
EndGlobal
