
Microsoft Visual Studio Solution File, Format Version 12.00
# Visual Studio 15
VisualStudioVersion = 15.0.27703.2026
MinimumVisualStudioVersion = 10.0.40219.1
Project("{FAE04EC0-301F-11D3-BF4B-00C04F79EFBC}") = "TicTacToeGame", "TicTacToeGame\TicTacToeGame.csproj", "{F3289683-C9D3-46F5-BA90-95797C399DBF}"
EndProject
Global
	GlobalSection(SolutionConfigurationPlatforms) = preSolution
		Debug|Any CPU = Debug|Any CPU
		Release|Any CPU = Release|Any CPU
	EndGlobalSection
	GlobalSection(ProjectConfigurationPlatforms) = postSolution
		{F3289683-C9D3-46F5-BA90-95797C399DBF}.Debug|Any CPU.ActiveCfg = Debug|Any CPU
		{F3289683-C9D3-46F5-BA90-95797C399DBF}.Debug|Any CPU.Build.0 = Debug|Any CPU
		{F3289683-C9D3-46F5-BA90-95797C399DBF}.Release|Any CPU.ActiveCfg = Release|Any CPU
		{F3289683-C9D3-46F5-BA90-95797C399DBF}.Release|Any CPU.Build.0 = Release|Any CPU
	EndGlobalSection
	GlobalSection(SolutionProperties) = preSolution
		HideSolutionNode = FALSE
	EndGlobalSection
	GlobalSection(ExtensibilityGlobals) = postSolution
		SolutionGuid = {F3959B78-F09C-4F84-ACA5-455EBDC04E27}
	EndGlobalSection
EndGlobal
